
Microsoft Visual Studio Solution File, Format Version 12.00
# Visual Studio Version 17
VisualStudioVersion = 17.10.34916.146
MinimumVisualStudioVersion = 10.0.40219.1
Project("{9A19103F-16F7-4668-BE54-9A1E7A4F7556}") = "MicrosoftGraphConsole", "MicrosoftGraph.Console\MicrosoftGraphConsole.csproj", "{F5DFA401-E402-471C-A24A-FC1308FC9DC5}"
EndProject
Global
	GlobalSection(SolutionConfigurationPlatforms) = preSolution
		Debug|Any CPU = Debug|Any CPU
		Release|Any CPU = Release|Any CPU
	EndGlobalSection
	GlobalSection(ProjectConfigurationPlatforms) = postSolution
		{F5DFA401-E402-471C-A24A-FC1308FC9DC5}.Debug|Any CPU.ActiveCfg = Debug|Any CPU
		{F5DFA401-E402-471C-A24A-FC1308FC9DC5}.Debug|Any CPU.Build.0 = Debug|Any CPU
		{F5DFA401-E402-471C-A24A-FC1308FC9DC5}.Release|Any CPU.ActiveCfg = Release|Any CPU
		{F5DFA401-E402-471C-A24A-FC1308FC9DC5}.Release|Any CPU.Build.0 = Release|Any CPU
	EndGlobalSection
	GlobalSection(SolutionProperties) = preSolution
		HideSolutionNode = FALSE
	EndGlobalSection
	GlobalSection(ExtensibilityGlobals) = postSolution
		SolutionGuid = {FE091DA5-0ED1-4FA8-A12F-60E8DC4028C1}
	EndGlobalSection
EndGlobal
