
Microsoft Visual Studio Solution File, Format Version 12.00
# Visual Studio Version 17
VisualStudioVersion = 17.3.32929.385
MinimumVisualStudioVersion = 10.0.40219.1
Project("{9A19103F-16F7-4668-BE54-9A1E7A4F7556}") = "WireMockAzureQueueExample", "WireMockAzureQueueExample\WireMockAzureQueueExample.csproj", "{51AFD3CB-9B20-4B08-A359-632634DBC746}"
EndProject
Project("{9A19103F-16F7-4668-BE54-9A1E7A4F7556}") = "WireMockAzureQueueProxy", "WireMockAzureQueueProxy\WireMockAzureQueueProxy.csproj", "{51958B1C-AA62-4437-8B93-CA66F48A2294}"
EndProject
Project("{2150E333-8FDC-42A3-9474-1A3956D46DE8}") = "Solution Items", "Solution Items", "{35A64769-50AE-47A7-8BDB-4F0F798E6DB8}"
	ProjectSection(SolutionItems) = preProject
		..\README.md = ..\README.md
	EndProjectSection
EndProject
Global
	GlobalSection(SolutionConfigurationPlatforms) = preSolution
		Debug|Any CPU = Debug|Any CPU
		Release|Any CPU = Release|Any CPU
	EndGlobalSection
	GlobalSection(ProjectConfigurationPlatforms) = postSolution
		{51AFD3CB-9B20-4B08-A359-632634DBC746}.Debug|Any CPU.ActiveCfg = Debug|Any CPU
		{51AFD3CB-9B20-4B08-A359-632634DBC746}.Debug|Any CPU.Build.0 = Debug|Any CPU
		{51AFD3CB-9B20-4B08-A359-632634DBC746}.Release|Any CPU.ActiveCfg = Release|Any CPU
		{51AFD3CB-9B20-4B08-A359-632634DBC746}.Release|Any CPU.Build.0 = Release|Any CPU
		{51958B1C-AA62-4437-8B93-CA66F48A2294}.Debug|Any CPU.ActiveCfg = Debug|Any CPU
		{51958B1C-AA62-4437-8B93-CA66F48A2294}.Debug|Any CPU.Build.0 = Debug|Any CPU
		{51958B1C-AA62-4437-8B93-CA66F48A2294}.Release|Any CPU.ActiveCfg = Release|Any CPU
		{51958B1C-AA62-4437-8B93-CA66F48A2294}.Release|Any CPU.Build.0 = Release|Any CPU
	EndGlobalSection
	GlobalSection(SolutionProperties) = preSolution
		HideSolutionNode = FALSE
	EndGlobalSection
	GlobalSection(ExtensibilityGlobals) = postSolution
		SolutionGuid = {FE091DA5-0ED1-4FA8-A12F-60E8DC4028C1}
	EndGlobalSection
EndGlobal
